// !$*UTF8*$!
{
	archiveVersion = 1;
	classes = {
	};
	objectVersion = 56;
	objects = {

/* Begin PBXBuildFile section */
		8F2921442A82E5AE002BFDFF /* AppDelegate.swift in Sources */ = {isa = PBXBuildFile; fileRef = 8F2921432A82E5AE002BFDFF /* AppDelegate.swift */; };
		8F2921462A82E5AE002BFDFF /* SceneDelegate.swift in Sources */ = {isa = PBXBuildFile; fileRef = 8F2921452A82E5AE002BFDFF /* SceneDelegate.swift */; };
		8F29214E2A82E5AE002BFDFF /* CititesMap.xcdatamodeld in Sources */ = {isa = PBXBuildFile; fileRef = 8F29214C2A82E5AE002BFDFF /* CititesMap.xcdatamodeld */; };
		8F2921502A82E5B0002BFDFF /* Assets.xcassets in Resources */ = {isa = PBXBuildFile; fileRef = 8F29214F2A82E5B0002BFDFF /* Assets.xcassets */; };
		8F2921532A82E5B0002BFDFF /* LaunchScreen.storyboard in Resources */ = {isa = PBXBuildFile; fileRef = 8F2921512A82E5B0002BFDFF /* LaunchScreen.storyboard */; };
		8F29215E2A82E5B1002BFDFF /* CititesMapTests.swift in Sources */ = {isa = PBXBuildFile; fileRef = 8F29215D2A82E5B1002BFDFF /* CititesMapTests.swift */; };
		8F2921682A82E5B1002BFDFF /* CititesMapUITests.swift in Sources */ = {isa = PBXBuildFile; fileRef = 8F2921672A82E5B1002BFDFF /* CititesMapUITests.swift */; };
		8F29216A2A82E5B1002BFDFF /* CititesMapUITestsLaunchTests.swift in Sources */ = {isa = PBXBuildFile; fileRef = 8F2921692A82E5B1002BFDFF /* CititesMapUITestsLaunchTests.swift */; };
		8F29217C2A82E63A002BFDFF /* RemoteSource.swift in Sources */ = {isa = PBXBuildFile; fileRef = 8F29217B2A82E63A002BFDFF /* RemoteSource.swift */; };
		8F2921862A82E6DC002BFDFF /* City.swift in Sources */ = {isa = PBXBuildFile; fileRef = 8F2921852A82E6DC002BFDFF /* City.swift */; };
		8F29218D2A82E79D002BFDFF /* CitiesViewController.swift in Sources */ = {isa = PBXBuildFile; fileRef = 8F29218C2A82E79D002BFDFF /* CitiesViewController.swift */; };
		8F29218F2A82E7AB002BFDFF /* CitiesViewModel.swift in Sources */ = {isa = PBXBuildFile; fileRef = 8F29218E2A82E7AB002BFDFF /* CitiesViewModel.swift */; };
		8F2921922A82E7CE002BFDFF /* CityMapViewController.swift in Sources */ = {isa = PBXBuildFile; fileRef = 8F2921912A82E7CE002BFDFF /* CityMapViewController.swift */; };
		8F2921942A82E7DC002BFDFF /* CityMapViewModel.swift in Sources */ = {isa = PBXBuildFile; fileRef = 8F2921932A82E7DC002BFDFF /* CityMapViewModel.swift */; };
		8F2921972A82E81D002BFDFF /* CityRepository.swift in Sources */ = {isa = PBXBuildFile; fileRef = 8F2921962A82E81D002BFDFF /* CityRepository.swift */; };
		8F29219A2A82E84E002BFDFF /* Constants.swift in Sources */ = {isa = PBXBuildFile; fileRef = 8F2921992A82E84E002BFDFF /* Constants.swift */; };
		8F29219C2A82E900002BFDFF /* NetworkMonitor.swift in Sources */ = {isa = PBXBuildFile; fileRef = 8F29219B2A82E900002BFDFF /* NetworkMonitor.swift */; };
		8F29219F2A82E9AB002BFDFF /* CitiesList.storyboard in Resources */ = {isa = PBXBuildFile; fileRef = 8F29219E2A82E9AB002BFDFF /* CitiesList.storyboard */; };
		8F2921A12A82E9C2002BFDFF /* CityMap.storyboard in Resources */ = {isa = PBXBuildFile; fileRef = 8F2921A02A82E9C2002BFDFF /* CityMap.storyboard */; };
		8F2921A62A82F48E002BFDFF /* RemoteSourceProtocol.swift in Sources */ = {isa = PBXBuildFile; fileRef = 8F2921A52A82F48E002BFDFF /* RemoteSourceProtocol.swift */; };
		8F462CAF2A82F6E100BC02B5 /* LocalSourceProtocol.swift in Sources */ = {isa = PBXBuildFile; fileRef = 8F462CAE2A82F6E100BC02B5 /* LocalSourceProtocol.swift */; };
		8F462CB92A83061E00BC02B5 /* CityCell.swift in Sources */ = {isa = PBXBuildFile; fileRef = 8F462CB72A83061E00BC02B5 /* CityCell.swift */; };
		8F462CBA2A83061E00BC02B5 /* CityCell.xib in Resources */ = {isa = PBXBuildFile; fileRef = 8F462CB82A83061E00BC02B5 /* CityCell.xib */; };
		8F462CBC2A8317D800BC02B5 /* Observable.swift in Sources */ = {isa = PBXBuildFile; fileRef = 8F462CBB2A8317D800BC02B5 /* Observable.swift */; };
		8F462CCC2A839EBA00BC02B5 /* LocalSource.swift in Sources */ = {isa = PBXBuildFile; fileRef = 8F462CCB2A839EBA00BC02B5 /* LocalSource.swift */; };
		8F83D9582A848076001C70EA /* Label+ShowToast.swift in Sources */ = {isa = PBXBuildFile; fileRef = 8F83D9572A848076001C70EA /* Label+ShowToast.swift */; };
		8F9D04CD2A83FD6500D557C8 /* LocalCity+CoreDataClass.swift in Sources */ = {isa = PBXBuildFile; fileRef = 8F9D04CB2A83FD6500D557C8 /* LocalCity+CoreDataClass.swift */; };
		8F9D04CE2A83FD6500D557C8 /* LocalCity+CoreDataProperties.swift in Sources */ = {isa = PBXBuildFile; fileRef = 8F9D04CC2A83FD6500D557C8 /* LocalCity+CoreDataProperties.swift */; };
		8FD61B1B2A83C05E00D4161A /* Cities+TableView.swift in Sources */ = {isa = PBXBuildFile; fileRef = 8FD61B1A2A83C05E00D4161A /* Cities+TableView.swift */; };
/* End PBXBuildFile section */

/* Begin PBXContainerItemProxy section */
		8F29215A2A82E5B1002BFDFF /* PBXContainerItemProxy */ = {
			isa = PBXContainerItemProxy;
			containerPortal = 8F2921382A82E5AD002BFDFF /* Project object */;
			proxyType = 1;
			remoteGlobalIDString = 8F29213F2A82E5AE002BFDFF;
			remoteInfo = CititesMap;
		};
		8F2921642A82E5B1002BFDFF /* PBXContainerItemProxy */ = {
			isa = PBXContainerItemProxy;
			containerPortal = 8F2921382A82E5AD002BFDFF /* Project object */;
			proxyType = 1;
			remoteGlobalIDString = 8F29213F2A82E5AE002BFDFF;
			remoteInfo = CititesMap;
		};
/* End PBXContainerItemProxy section */

/* Begin PBXFileReference section */
		8F2921402A82E5AE002BFDFF /* CititesMap.app */ = {isa = PBXFileReference; explicitFileType = wrapper.application; includeInIndex = 0; path = CititesMap.app; sourceTree = BUILT_PRODUCTS_DIR; };
		8F2921432A82E5AE002BFDFF /* AppDelegate.swift */ = {isa = PBXFileReference; lastKnownFileType = sourcecode.swift; path = AppDelegate.swift; sourceTree = "<group>"; };
		8F2921452A82E5AE002BFDFF /* SceneDelegate.swift */ = {isa = PBXFileReference; lastKnownFileType = sourcecode.swift; path = SceneDelegate.swift; sourceTree = "<group>"; };
		8F29214D2A82E5AE002BFDFF /* CititesMap.xcdatamodel */ = {isa = PBXFileReference; lastKnownFileType = wrapper.xcdatamodel; path = CititesMap.xcdatamodel; sourceTree = "<group>"; };
		8F29214F2A82E5B0002BFDFF /* Assets.xcassets */ = {isa = PBXFileReference; lastKnownFileType = folder.assetcatalog; path = Assets.xcassets; sourceTree = "<group>"; };
		8F2921522A82E5B0002BFDFF /* Base */ = {isa = PBXFileReference; lastKnownFileType = file.storyboard; name = Base; path = Base.lproj/LaunchScreen.storyboard; sourceTree = "<group>"; };
		8F2921542A82E5B0002BFDFF /* Info.plist */ = {isa = PBXFileReference; lastKnownFileType = text.plist.xml; path = Info.plist; sourceTree = "<group>"; };
		8F2921592A82E5B1002BFDFF /* CititesMapTests.xctest */ = {isa = PBXFileReference; explicitFileType = wrapper.cfbundle; includeInIndex = 0; path = CititesMapTests.xctest; sourceTree = BUILT_PRODUCTS_DIR; };
		8F29215D2A82E5B1002BFDFF /* CititesMapTests.swift */ = {isa = PBXFileReference; lastKnownFileType = sourcecode.swift; path = CititesMapTests.swift; sourceTree = "<group>"; };
		8F2921632A82E5B1002BFDFF /* CititesMapUITests.xctest */ = {isa = PBXFileReference; explicitFileType = wrapper.cfbundle; includeInIndex = 0; path = CititesMapUITests.xctest; sourceTree = BUILT_PRODUCTS_DIR; };
		8F2921672A82E5B1002BFDFF /* CititesMapUITests.swift */ = {isa = PBXFileReference; lastKnownFileType = sourcecode.swift; path = CititesMapUITests.swift; sourceTree = "<group>"; };
		8F2921692A82E5B1002BFDFF /* CititesMapUITestsLaunchTests.swift */ = {isa = PBXFileReference; lastKnownFileType = sourcecode.swift; path = CititesMapUITestsLaunchTests.swift; sourceTree = "<group>"; };
		8F29217B2A82E63A002BFDFF /* RemoteSource.swift */ = {isa = PBXFileReference; lastKnownFileType = sourcecode.swift; path = RemoteSource.swift; sourceTree = "<group>"; };
		8F2921852A82E6DC002BFDFF /* City.swift */ = {isa = PBXFileReference; lastKnownFileType = sourcecode.swift; path = City.swift; sourceTree = "<group>"; };
		8F29218C2A82E79D002BFDFF /* CitiesViewController.swift */ = {isa = PBXFileReference; lastKnownFileType = sourcecode.swift; path = CitiesViewController.swift; sourceTree = "<group>"; };
		8F29218E2A82E7AB002BFDFF /* CitiesViewModel.swift */ = {isa = PBXFileReference; lastKnownFileType = sourcecode.swift; path = CitiesViewModel.swift; sourceTree = "<group>"; };
		8F2921912A82E7CE002BFDFF /* CityMapViewController.swift */ = {isa = PBXFileReference; lastKnownFileType = sourcecode.swift; path = CityMapViewController.swift; sourceTree = "<group>"; };
		8F2921932A82E7DC002BFDFF /* CityMapViewModel.swift */ = {isa = PBXFileReference; lastKnownFileType = sourcecode.swift; path = CityMapViewModel.swift; sourceTree = "<group>"; };
		8F2921962A82E81D002BFDFF /* CityRepository.swift */ = {isa = PBXFileReference; indentWidth = 5; lastKnownFileType = sourcecode.swift; path = CityRepository.swift; sourceTree = "<group>"; };
		8F2921992A82E84E002BFDFF /* Constants.swift */ = {isa = PBXFileReference; lastKnownFileType = sourcecode.swift; path = Constants.swift; sourceTree = "<group>"; };
		8F29219B2A82E900002BFDFF /* NetworkMonitor.swift */ = {isa = PBXFileReference; lastKnownFileType = sourcecode.swift; path = NetworkMonitor.swift; sourceTree = "<group>"; };
		8F29219E2A82E9AB002BFDFF /* CitiesList.storyboard */ = {isa = PBXFileReference; lastKnownFileType = file.storyboard; path = CitiesList.storyboard; sourceTree = "<group>"; };
		8F2921A02A82E9C2002BFDFF /* CityMap.storyboard */ = {isa = PBXFileReference; lastKnownFileType = file.storyboard; path = CityMap.storyboard; sourceTree = "<group>"; };
		8F2921A52A82F48E002BFDFF /* RemoteSourceProtocol.swift */ = {isa = PBXFileReference; lastKnownFileType = sourcecode.swift; path = RemoteSourceProtocol.swift; sourceTree = "<group>"; };
		8F462CAE2A82F6E100BC02B5 /* LocalSourceProtocol.swift */ = {isa = PBXFileReference; lastKnownFileType = sourcecode.swift; path = LocalSourceProtocol.swift; sourceTree = "<group>"; };
		8F462CB72A83061E00BC02B5 /* CityCell.swift */ = {isa = PBXFileReference; lastKnownFileType = sourcecode.swift; path = CityCell.swift; sourceTree = "<group>"; };
		8F462CB82A83061E00BC02B5 /* CityCell.xib */ = {isa = PBXFileReference; lastKnownFileType = file.xib; path = CityCell.xib; sourceTree = "<group>"; };
		8F462CBB2A8317D800BC02B5 /* Observable.swift */ = {isa = PBXFileReference; lastKnownFileType = sourcecode.swift; path = Observable.swift; sourceTree = "<group>"; };
		8F462CCB2A839EBA00BC02B5 /* LocalSource.swift */ = {isa = PBXFileReference; lastKnownFileType = sourcecode.swift; path = LocalSource.swift; sourceTree = "<group>"; };
		8F83D9572A848076001C70EA /* Label+ShowToast.swift */ = {isa = PBXFileReference; lastKnownFileType = sourcecode.swift; path = "Label+ShowToast.swift"; sourceTree = "<group>"; };
		8F9D04CB2A83FD6500D557C8 /* LocalCity+CoreDataClass.swift */ = {isa = PBXFileReference; lastKnownFileType = sourcecode.swift; path = "LocalCity+CoreDataClass.swift"; sourceTree = "<group>"; };
		8F9D04CC2A83FD6500D557C8 /* LocalCity+CoreDataProperties.swift */ = {isa = PBXFileReference; lastKnownFileType = sourcecode.swift; path = "LocalCity+CoreDataProperties.swift"; sourceTree = "<group>"; };
		8FD61B1A2A83C05E00D4161A /* Cities+TableView.swift */ = {isa = PBXFileReference; lastKnownFileType = sourcecode.swift; path = "Cities+TableView.swift"; sourceTree = "<group>"; };
/* End PBXFileReference section */

/* Begin PBXFrameworksBuildPhase section */
		8F29213D2A82E5AE002BFDFF /* Frameworks */ = {
			isa = PBXFrameworksBuildPhase;
			buildActionMask = 2147483647;
			files = (
			);
			runOnlyForDeploymentPostprocessing = 0;
		};
		8F2921562A82E5B1002BFDFF /* Frameworks */ = {
			isa = PBXFrameworksBuildPhase;
			buildActionMask = 2147483647;
			files = (
			);
			runOnlyForDeploymentPostprocessing = 0;
		};
		8F2921602A82E5B1002BFDFF /* Frameworks */ = {
			isa = PBXFrameworksBuildPhase;
			buildActionMask = 2147483647;
			files = (
			);
			runOnlyForDeploymentPostprocessing = 0;
		};
/* End PBXFrameworksBuildPhase section */

/* Begin PBXGroup section */
		8F1219382A851CC400464290 /* CoreDataClasses */ = {
			isa = PBXGroup;
			children = (
				8F9D04CC2A83FD6500D557C8 /* LocalCity+CoreDataProperties.swift */,
				8F9D04CB2A83FD6500D557C8 /* LocalCity+CoreDataClass.swift */,
			);
			path = CoreDataClasses;
			sourceTree = "<group>";
		};
		8F1219392A851CFC00464290 /* XIBs */ = {
			isa = PBXGroup;
			children = (
				8F29219E2A82E9AB002BFDFF /* CitiesList.storyboard */,
			);
			path = XIBs;
			sourceTree = "<group>";
		};
		8F12193A2A851D0C00464290 /* Controller */ = {
			isa = PBXGroup;
			children = (
				8F29218C2A82E79D002BFDFF /* CitiesViewController.swift */,
				8FD61B1A2A83C05E00D4161A /* Cities+TableView.swift */,
			);
			path = Controller;
			sourceTree = "<group>";
		};
		8F12193B2A851DD300464290 /* XIBs */ = {
			isa = PBXGroup;
			children = (
				8F2921A02A82E9C2002BFDFF /* CityMap.storyboard */,
			);
			path = XIBs;
			sourceTree = "<group>";
		};
		8F12193C2A851DE600464290 /* Controller */ = {
			isa = PBXGroup;
			children = (
				8F2921912A82E7CE002BFDFF /* CityMapViewController.swift */,
			);
			path = Controller;
			sourceTree = "<group>";
		};
		8F2921372A82E5AD002BFDFF = {
			isa = PBXGroup;
			children = (
				8F2921422A82E5AE002BFDFF /* CititesMap */,
				8F29215C2A82E5B1002BFDFF /* CititesMapTests */,
				8F2921662A82E5B1002BFDFF /* CititesMapUITests */,
				8F2921412A82E5AE002BFDFF /* Products */,
			);
			sourceTree = "<group>";
		};
		8F2921412A82E5AE002BFDFF /* Products */ = {
			isa = PBXGroup;
			children = (
				8F2921402A82E5AE002BFDFF /* CititesMap.app */,
				8F2921592A82E5B1002BFDFF /* CititesMapTests.xctest */,
				8F2921632A82E5B1002BFDFF /* CititesMapUITests.xctest */,
			);
			name = Products;
			sourceTree = "<group>";
		};
		8F2921422A82E5AE002BFDFF /* CititesMap */ = {
			isa = PBXGroup;
			children = (
				8F2921762A82E5E3002BFDFF /* App */,
				8F462CAD2A82F66E00BC02B5 /* Services */,
				8F2921842A82E6CE002BFDFF /* Model */,
				8F2921772A82E5F2002BFDFF /* Modules */,
				8F2921982A82E841002BFDFF /* SupportingFiles */,
				8F29214F2A82E5B0002BFDFF /* Assets.xcassets */,
				8F2921542A82E5B0002BFDFF /* Info.plist */,
			);
			path = CititesMap;
			sourceTree = "<group>";
		};
		8F29215C2A82E5B1002BFDFF /* CititesMapTests */ = {
			isa = PBXGroup;
			children = (
				8F29215D2A82E5B1002BFDFF /* CititesMapTests.swift */,
			);
			path = CititesMapTests;
			sourceTree = "<group>";
		};
		8F2921662A82E5B1002BFDFF /* CititesMapUITests */ = {
			isa = PBXGroup;
			children = (
				8F2921672A82E5B1002BFDFF /* CititesMapUITests.swift */,
				8F2921692A82E5B1002BFDFF /* CititesMapUITestsLaunchTests.swift */,
			);
			path = CititesMapUITests;
			sourceTree = "<group>";
		};
		8F2921762A82E5E3002BFDFF /* App */ = {
			isa = PBXGroup;
			children = (
				8F2921432A82E5AE002BFDFF /* AppDelegate.swift */,
				8F2921452A82E5AE002BFDFF /* SceneDelegate.swift */,
			);
			path = App;
			sourceTree = "<group>";
		};
		8F2921772A82E5F2002BFDFF /* Modules */ = {
			isa = PBXGroup;
			children = (
				8F2921832A82E6B9002BFDFF /* Splash */,
				8F29217D2A82E643002BFDFF /* CitiesList */,
				8F29217E2A82E681002BFDFF /* CityMap */,
			);
			path = Modules;
			sourceTree = "<group>";
		};
		8F2921782A82E5FF002BFDFF /* DataSource */ = {
			isa = PBXGroup;
			children = (
				8F2921952A82E80A002BFDFF /* Repository */,
				8F29217A2A82E619002BFDFF /* LocalSource */,
				8F2921792A82E60F002BFDFF /* RemoteSource */,
			);
			path = DataSource;
			sourceTree = "<group>";
		};
		8F2921792A82E60F002BFDFF /* RemoteSource */ = {
			isa = PBXGroup;
			children = (
				8F2921A52A82F48E002BFDFF /* RemoteSourceProtocol.swift */,
				8F29217B2A82E63A002BFDFF /* RemoteSource.swift */,
			);
			path = RemoteSource;
			sourceTree = "<group>";
		};
		8F29217A2A82E619002BFDFF /* LocalSource */ = {
			isa = PBXGroup;
			children = (
				8F29214C2A82E5AE002BFDFF /* CititesMap.xcdatamodeld */,
				8F462CAE2A82F6E100BC02B5 /* LocalSourceProtocol.swift */,
				8F462CCB2A839EBA00BC02B5 /* LocalSource.swift */,
			);
			path = LocalSource;
			sourceTree = "<group>";
		};
		8F29217D2A82E643002BFDFF /* CitiesList */ = {
			isa = PBXGroup;
			children = (
				8F29217F2A82E689002BFDFF /* View */,
				8F2921802A82E68E002BFDFF /* ViewModel */,
			);
			path = CitiesList;
			sourceTree = "<group>";
		};
		8F29217E2A82E681002BFDFF /* CityMap */ = {
			isa = PBXGroup;
			children = (
				8F2921812A82E6A4002BFDFF /* View */,
				8F2921822A82E6AD002BFDFF /* ViewModel */,
			);
			path = CityMap;
			sourceTree = "<group>";
		};
		8F29217F2A82E689002BFDFF /* View */ = {
			isa = PBXGroup;
			children = (
				8F1219392A851CFC00464290 /* XIBs */,
				8F12193A2A851D0C00464290 /* Controller */,
			);
			path = View;
			sourceTree = "<group>";
		};
		8F2921802A82E68E002BFDFF /* ViewModel */ = {
			isa = PBXGroup;
			children = (
				8F29218E2A82E7AB002BFDFF /* CitiesViewModel.swift */,
			);
			path = ViewModel;
			sourceTree = "<group>";
		};
		8F2921812A82E6A4002BFDFF /* View */ = {
			isa = PBXGroup;
			children = (
				8F12193B2A851DD300464290 /* XIBs */,
				8F12193C2A851DE600464290 /* Controller */,
			);
			path = View;
			sourceTree = "<group>";
		};
		8F2921822A82E6AD002BFDFF /* ViewModel */ = {
			isa = PBXGroup;
			children = (
				8F2921932A82E7DC002BFDFF /* CityMapViewModel.swift */,
			);
			path = ViewModel;
			sourceTree = "<group>";
		};
		8F2921832A82E6B9002BFDFF /* Splash */ = {
			isa = PBXGroup;
			children = (
				8F2921872A82E702002BFDFF /* View */,
			);
			path = Splash;
			sourceTree = "<group>";
		};
		8F2921842A82E6CE002BFDFF /* Model */ = {
			isa = PBXGroup;
			children = (
				8F1219382A851CC400464290 /* CoreDataClasses */,
				8F2921852A82E6DC002BFDFF /* City.swift */,
			);
			path = Model;
			sourceTree = "<group>";
		};
		8F2921872A82E702002BFDFF /* View */ = {
			isa = PBXGroup;
			children = (
				8F2921512A82E5B0002BFDFF /* LaunchScreen.storyboard */,
			);
			path = View;
			sourceTree = "<group>";
		};
		8F2921952A82E80A002BFDFF /* Repository */ = {
			isa = PBXGroup;
			children = (
				8F2921962A82E81D002BFDFF /* CityRepository.swift */,
			);
			path = Repository;
			sourceTree = "<group>";
		};
		8F2921982A82E841002BFDFF /* SupportingFiles */ = {
			isa = PBXGroup;
			children = (
				8F462CB62A83055800BC02B5 /* CityTableViewCell */,
				8F462CBB2A8317D800BC02B5 /* Observable.swift */,
				8F2921992A82E84E002BFDFF /* Constants.swift */,
				8F83D9572A848076001C70EA /* Label+ShowToast.swift */,
			);
			path = SupportingFiles;
			sourceTree = "<group>";
		};
		8F462CAD2A82F66E00BC02B5 /* Services */ = {
			isa = PBXGroup;
			children = (
				8F2921782A82E5FF002BFDFF /* DataSource */,
				8F29219B2A82E900002BFDFF /* NetworkMonitor.swift */,
			);
			path = Services;
			sourceTree = "<group>";
		};
		8F462CB62A83055800BC02B5 /* CityTableViewCell */ = {
			isa = PBXGroup;
			children = (
				8F462CB72A83061E00BC02B5 /* CityCell.swift */,
				8F462CB82A83061E00BC02B5 /* CityCell.xib */,
			);
			path = CityTableViewCell;
			sourceTree = "<group>";
		};
/* End PBXGroup section */

/* Begin PBXNativeTarget section */
		8F29213F2A82E5AE002BFDFF /* CititesMap */ = {
			isa = PBXNativeTarget;
			buildConfigurationList = 8F29216D2A82E5B1002BFDFF /* Build configuration list for PBXNativeTarget "CititesMap" */;
			buildPhases = (
				8F29213C2A82E5AE002BFDFF /* Sources */,
				8F29213D2A82E5AE002BFDFF /* Frameworks */,
				8F29213E2A82E5AE002BFDFF /* Resources */,
			);
			buildRules = (
			);
			dependencies = (
			);
			name = CititesMap;
			productName = CititesMap;
			productReference = 8F2921402A82E5AE002BFDFF /* CititesMap.app */;
			productType = "com.apple.product-type.application";
		};
		8F2921582A82E5B1002BFDFF /* CititesMapTests */ = {
			isa = PBXNativeTarget;
			buildConfigurationList = 8F2921702A82E5B1002BFDFF /* Build configuration list for PBXNativeTarget "CititesMapTests" */;
			buildPhases = (
				8F2921552A82E5B1002BFDFF /* Sources */,
				8F2921562A82E5B1002BFDFF /* Frameworks */,
				8F2921572A82E5B1002BFDFF /* Resources */,
			);
			buildRules = (
			);
			dependencies = (
				8F29215B2A82E5B1002BFDFF /* PBXTargetDependency */,
			);
			name = CititesMapTests;
			productName = CititesMapTests;
			productReference = 8F2921592A82E5B1002BFDFF /* CititesMapTests.xctest */;
			productType = "com.apple.product-type.bundle.unit-test";
		};
		8F2921622A82E5B1002BFDFF /* CititesMapUITests */ = {
			isa = PBXNativeTarget;
			buildConfigurationList = 8F2921732A82E5B1002BFDFF /* Build configuration list for PBXNativeTarget "CititesMapUITests" */;
			buildPhases = (
				8F29215F2A82E5B1002BFDFF /* Sources */,
				8F2921602A82E5B1002BFDFF /* Frameworks */,
				8F2921612A82E5B1002BFDFF /* Resources */,
			);
			buildRules = (
			);
			dependencies = (
				8F2921652A82E5B1002BFDFF /* PBXTargetDependency */,
			);
			name = CititesMapUITests;
			productName = CititesMapUITests;
			productReference = 8F2921632A82E5B1002BFDFF /* CititesMapUITests.xctest */;
			productType = "com.apple.product-type.bundle.ui-testing";
		};
/* End PBXNativeTarget section */

/* Begin PBXProject section */
		8F2921382A82E5AD002BFDFF /* Project object */ = {
			isa = PBXProject;
			attributes = {
				BuildIndependentTargetsInParallel = 1;
				LastSwiftUpdateCheck = 1430;
				LastUpgradeCheck = 1430;
				TargetAttributes = {
					8F29213F2A82E5AE002BFDFF = {
						CreatedOnToolsVersion = 14.3;
					};
					8F2921582A82E5B1002BFDFF = {
						CreatedOnToolsVersion = 14.3;
						TestTargetID = 8F29213F2A82E5AE002BFDFF;
					};
					8F2921622A82E5B1002BFDFF = {
						CreatedOnToolsVersion = 14.3;
						TestTargetID = 8F29213F2A82E5AE002BFDFF;
					};
				};
			};
			buildConfigurationList = 8F29213B2A82E5AD002BFDFF /* Build configuration list for PBXProject "CititesMap" */;
			compatibilityVersion = "Xcode 14.0";
			developmentRegion = en;
			hasScannedForEncodings = 0;
			knownRegions = (
				en,
				Base,
			);
			mainGroup = 8F2921372A82E5AD002BFDFF;
			productRefGroup = 8F2921412A82E5AE002BFDFF /* Products */;
			projectDirPath = "";
			projectRoot = "";
			targets = (
				8F29213F2A82E5AE002BFDFF /* CititesMap */,
				8F2921582A82E5B1002BFDFF /* CititesMapTests */,
				8F2921622A82E5B1002BFDFF /* CititesMapUITests */,
			);
		};
/* End PBXProject section */

/* Begin PBXResourcesBuildPhase section */
		8F29213E2A82E5AE002BFDFF /* Resources */ = {
			isa = PBXResourcesBuildPhase;
			buildActionMask = 2147483647;
			files = (
				8F2921532A82E5B0002BFDFF /* LaunchScreen.storyboard in Resources */,
				8F462CBA2A83061E00BC02B5 /* CityCell.xib in Resources */,
				8F2921A12A82E9C2002BFDFF /* CityMap.storyboard in Resources */,
				8F29219F2A82E9AB002BFDFF /* CitiesList.storyboard in Resources */,
				8F2921502A82E5B0002BFDFF /* Assets.xcassets in Resources */,
			);
			runOnlyForDeploymentPostprocessing = 0;
		};
		8F2921572A82E5B1002BFDFF /* Resources */ = {
			isa = PBXResourcesBuildPhase;
			buildActionMask = 2147483647;
			files = (
			);
			runOnlyForDeploymentPostprocessing = 0;
		};
		8F2921612A82E5B1002BFDFF /* Resources */ = {
			isa = PBXResourcesBuildPhase;
			buildActionMask = 2147483647;
			files = (
			);
			runOnlyForDeploymentPostprocessing = 0;
		};
/* End PBXResourcesBuildPhase section */

/* Begin PBXSourcesBuildPhase section */
		8F29213C2A82E5AE002BFDFF /* Sources */ = {
			isa = PBXSourcesBuildPhase;
			buildActionMask = 2147483647;
			files = (
				8F462CCC2A839EBA00BC02B5 /* LocalSource.swift in Sources */,
				8F2921972A82E81D002BFDFF /* CityRepository.swift in Sources */,
				8F2921942A82E7DC002BFDFF /* CityMapViewModel.swift in Sources */,
				8F462CAF2A82F6E100BC02B5 /* LocalSourceProtocol.swift in Sources */,
				8F2921442A82E5AE002BFDFF /* AppDelegate.swift in Sources */,
				8F83D9582A848076001C70EA /* Label+ShowToast.swift in Sources */,
				8F462CBC2A8317D800BC02B5 /* Observable.swift in Sources */,
				8F2921862A82E6DC002BFDFF /* City.swift in Sources */,
				8F29217C2A82E63A002BFDFF /* RemoteSource.swift in Sources */,
				8F2921922A82E7CE002BFDFF /* CityMapViewController.swift in Sources */,
				8F9D04CE2A83FD6500D557C8 /* LocalCity+CoreDataProperties.swift in Sources */,
				8F29214E2A82E5AE002BFDFF /* CititesMap.xcdatamodeld in Sources */,
				8FD61B1B2A83C05E00D4161A /* Cities+TableView.swift in Sources */,
				8F9D04CD2A83FD6500D557C8 /* LocalCity+CoreDataClass.swift in Sources */,
				8F29218F2A82E7AB002BFDFF /* CitiesViewModel.swift in Sources */,
				8F29219C2A82E900002BFDFF /* NetworkMonitor.swift in Sources */,
				8F462CB92A83061E00BC02B5 /* CityCell.swift in Sources */,
				8F29218D2A82E79D002BFDFF /* CitiesViewController.swift in Sources */,
				8F2921462A82E5AE002BFDFF /* SceneDelegate.swift in Sources */,
				8F2921A62A82F48E002BFDFF /* RemoteSourceProtocol.swift in Sources */,
				8F29219A2A82E84E002BFDFF /* Constants.swift in Sources */,
			);
			runOnlyForDeploymentPostprocessing = 0;
		};
		8F2921552A82E5B1002BFDFF /* Sources */ = {
			isa = PBXSourcesBuildPhase;
			buildActionMask = 2147483647;
			files = (
				8F29215E2A82E5B1002BFDFF /* CititesMapTests.swift in Sources */,
			);
			runOnlyForDeploymentPostprocessing = 0;
		};
		8F29215F2A82E5B1002BFDFF /* Sources */ = {
			isa = PBXSourcesBuildPhase;
			buildActionMask = 2147483647;
			files = (
				8F2921682A82E5B1002BFDFF /* CititesMapUITests.swift in Sources */,
				8F29216A2A82E5B1002BFDFF /* CititesMapUITestsLaunchTests.swift in Sources */,
			);
			runOnlyForDeploymentPostprocessing = 0;
		};
/* End PBXSourcesBuildPhase section */

/* Begin PBXTargetDependency section */
		8F29215B2A82E5B1002BFDFF /* PBXTargetDependency */ = {
			isa = PBXTargetDependency;
			target = 8F29213F2A82E5AE002BFDFF /* CititesMap */;
			targetProxy = 8F29215A2A82E5B1002BFDFF /* PBXContainerItemProxy */;
		};
		8F2921652A82E5B1002BFDFF /* PBXTargetDependency */ = {
			isa = PBXTargetDependency;
			target = 8F29213F2A82E5AE002BFDFF /* CititesMap */;
			targetProxy = 8F2921642A82E5B1002BFDFF /* PBXContainerItemProxy */;
		};
/* End PBXTargetDependency section */

/* Begin PBXVariantGroup section */
		8F2921512A82E5B0002BFDFF /* LaunchScreen.storyboard */ = {
			isa = PBXVariantGroup;
			children = (
				8F2921522A82E5B0002BFDFF /* Base */,
			);
			name = LaunchScreen.storyboard;
			sourceTree = "<group>";
		};
/* End PBXVariantGroup section */

/* Begin XCBuildConfiguration section */
		8F29216B2A82E5B1002BFDFF /* Debug */ = {
			isa = XCBuildConfiguration;
			buildSettings = {
				ALWAYS_SEARCH_USER_PATHS = NO;
				CLANG_ANALYZER_NONNULL = YES;
				CLANG_ANALYZER_NUMBER_OBJECT_CONVERSION = YES_AGGRESSIVE;
				CLANG_CXX_LANGUAGE_STANDARD = "gnu++20";
				CLANG_ENABLE_MODULES = YES;
				CLANG_ENABLE_OBJC_ARC = YES;
				CLANG_ENABLE_OBJC_WEAK = YES;
				CLANG_WARN_BLOCK_CAPTURE_AUTORELEASING = YES;
				CLANG_WARN_BOOL_CONVERSION = YES;
				CLANG_WARN_COMMA = YES;
				CLANG_WARN_CONSTANT_CONVERSION = YES;
				CLANG_WARN_DEPRECATED_OBJC_IMPLEMENTATIONS = YES;
				CLANG_WARN_DIRECT_OBJC_ISA_USAGE = YES_ERROR;
				CLANG_WARN_DOCUMENTATION_COMMENTS = YES;
				CLANG_WARN_EMPTY_BODY = YES;
				CLANG_WARN_ENUM_CONVERSION = YES;
				CLANG_WARN_INFINITE_RECURSION = YES;
				CLANG_WARN_INT_CONVERSION = YES;
				CLANG_WARN_NON_LITERAL_NULL_CONVERSION = YES;
				CLANG_WARN_OBJC_IMPLICIT_RETAIN_SELF = YES;
				CLANG_WARN_OBJC_LITERAL_CONVERSION = YES;
				CLANG_WARN_OBJC_ROOT_CLASS = YES_ERROR;
				CLANG_WARN_QUOTED_INCLUDE_IN_FRAMEWORK_HEADER = YES;
				CLANG_WARN_RANGE_LOOP_ANALYSIS = YES;
				CLANG_WARN_STRICT_PROTOTYPES = YES;
				CLANG_WARN_SUSPICIOUS_MOVE = YES;
				CLANG_WARN_UNGUARDED_AVAILABILITY = YES_AGGRESSIVE;
				CLANG_WARN_UNREACHABLE_CODE = YES;
				CLANG_WARN__DUPLICATE_METHOD_MATCH = YES;
				COPY_PHASE_STRIP = NO;
				DEBUG_INFORMATION_FORMAT = dwarf;
				ENABLE_STRICT_OBJC_MSGSEND = YES;
				ENABLE_TESTABILITY = YES;
				GCC_C_LANGUAGE_STANDARD = gnu11;
				GCC_DYNAMIC_NO_PIC = NO;
				GCC_NO_COMMON_BLOCKS = YES;
				GCC_OPTIMIZATION_LEVEL = 0;
				GCC_PREPROCESSOR_DEFINITIONS = (
					"DEBUG=1",
					"$(inherited)",
				);
				GCC_WARN_64_TO_32_BIT_CONVERSION = YES;
				GCC_WARN_ABOUT_RETURN_TYPE = YES_ERROR;
				GCC_WARN_UNDECLARED_SELECTOR = YES;
				GCC_WARN_UNINITIALIZED_AUTOS = YES_AGGRESSIVE;
				GCC_WARN_UNUSED_FUNCTION = YES;
				GCC_WARN_UNUSED_VARIABLE = YES;
				IPHONEOS_DEPLOYMENT_TARGET = 16.4;
				MTL_ENABLE_DEBUG_INFO = INCLUDE_SOURCE;
				MTL_FAST_MATH = YES;
				ONLY_ACTIVE_ARCH = YES;
				SDKROOT = iphoneos;
				SWIFT_ACTIVE_COMPILATION_CONDITIONS = DEBUG;
				SWIFT_OPTIMIZATION_LEVEL = "-Onone";
			};
			name = Debug;
		};
		8F29216C2A82E5B1002BFDFF /* Release */ = {
			isa = XCBuildConfiguration;
			buildSettings = {
				ALWAYS_SEARCH_USER_PATHS = NO;
				CLANG_ANALYZER_NONNULL = YES;
				CLANG_ANALYZER_NUMBER_OBJECT_CONVERSION = YES_AGGRESSIVE;
				CLANG_CXX_LANGUAGE_STANDARD = "gnu++20";
				CLANG_ENABLE_MODULES = YES;
				CLANG_ENABLE_OBJC_ARC = YES;
				CLANG_ENABLE_OBJC_WEAK = YES;
				CLANG_WARN_BLOCK_CAPTURE_AUTORELEASING = YES;
				CLANG_WARN_BOOL_CONVERSION = YES;
				CLANG_WARN_COMMA = YES;
				CLANG_WARN_CONSTANT_CONVERSION = YES;
				CLANG_WARN_DEPRECATED_OBJC_IMPLEMENTATIONS = YES;
				CLANG_WARN_DIRECT_OBJC_ISA_USAGE = YES_ERROR;
				CLANG_WARN_DOCUMENTATION_COMMENTS = YES;
				CLANG_WARN_EMPTY_BODY = YES;
				CLANG_WARN_ENUM_CONVERSION = YES;
				CLANG_WARN_INFINITE_RECURSION = YES;
				CLANG_WARN_INT_CONVERSION = YES;
				CLANG_WARN_NON_LITERAL_NULL_CONVERSION = YES;
				CLANG_WARN_OBJC_IMPLICIT_RETAIN_SELF = YES;
				CLANG_WARN_OBJC_LITERAL_CONVERSION = YES;
				CLANG_WARN_OBJC_ROOT_CLASS = YES_ERROR;
				CLANG_WARN_QUOTED_INCLUDE_IN_FRAMEWORK_HEADER = YES;
				CLANG_WARN_RANGE_LOOP_ANALYSIS = YES;
				CLANG_WARN_STRICT_PROTOTYPES = YES;
				CLANG_WARN_SUSPICIOUS_MOVE = YES;
				CLANG_WARN_UNGUARDED_AVAILABILITY = YES_AGGRESSIVE;
				CLANG_WARN_UNREACHABLE_CODE = YES;
				CLANG_WARN__DUPLICATE_METHOD_MATCH = YES;
				COPY_PHASE_STRIP = NO;
				DEBUG_INFORMATION_FORMAT = "dwarf-with-dsym";
				ENABLE_NS_ASSERTIONS = NO;
				ENABLE_STRICT_OBJC_MSGSEND = YES;
				GCC_C_LANGUAGE_STANDARD = gnu11;
				GCC_NO_COMMON_BLOCKS = YES;
				GCC_WARN_64_TO_32_BIT_CONVERSION = YES;
				GCC_WARN_ABOUT_RETURN_TYPE = YES_ERROR;
				GCC_WARN_UNDECLARED_SELECTOR = YES;
				GCC_WARN_UNINITIALIZED_AUTOS = YES_AGGRESSIVE;
				GCC_WARN_UNUSED_FUNCTION = YES;
				GCC_WARN_UNUSED_VARIABLE = YES;
				IPHONEOS_DEPLOYMENT_TARGET = 16.4;
				MTL_ENABLE_DEBUG_INFO = NO;
				MTL_FAST_MATH = YES;
				SDKROOT = iphoneos;
				SWIFT_COMPILATION_MODE = wholemodule;
				SWIFT_OPTIMIZATION_LEVEL = "-O";
				VALIDATE_PRODUCT = YES;
			};
			name = Release;
		};
		8F29216E2A82E5B1002BFDFF /* Debug */ = {
			isa = XCBuildConfiguration;
			buildSettings = {
				ASSETCATALOG_COMPILER_APPICON_NAME = AppIcon;
				ASSETCATALOG_COMPILER_GLOBAL_ACCENT_COLOR_NAME = AccentColor;
				CODE_SIGN_STYLE = Automatic;
				CURRENT_PROJECT_VERSION = 1;
				DEVELOPMENT_TEAM = 6MZ226TMZB;
				GENERATE_INFOPLIST_FILE = YES;
				INFOPLIST_FILE = CititesMap/Info.plist;
				INFOPLIST_KEY_UIApplicationSupportsIndirectInputEvents = YES;
				INFOPLIST_KEY_UILaunchStoryboardName = LaunchScreen;
				INFOPLIST_KEY_UIMainStoryboardFile = CitiesList;
				INFOPLIST_KEY_UISupportedInterfaceOrientations = UIInterfaceOrientationPortrait;
				LD_RUNPATH_SEARCH_PATHS = (
					"$(inherited)",
					"@executable_path/Frameworks",
				);
				MARKETING_VERSION = 1.0;
				PRODUCT_BUNDLE_IDENTIFIER = saraeltlt.CititessMap;
				PRODUCT_NAME = "$(TARGET_NAME)";
				SWIFT_EMIT_LOC_STRINGS = YES;
				SWIFT_VERSION = 5.0;
				TARGETED_DEVICE_FAMILY = "1,2";
			};
			name = Debug;
		};
		8F29216F2A82E5B1002BFDFF /* Release */ = {
			isa = XCBuildConfiguration;
			buildSettings = {
				ASSETCATALOG_COMPILER_APPICON_NAME = AppIcon;
				ASSETCATALOG_COMPILER_GLOBAL_ACCENT_COLOR_NAME = AccentColor;
				CODE_SIGN_STYLE = Automatic;
				CURRENT_PROJECT_VERSION = 1;
				DEVELOPMENT_TEAM = 6MZ226TMZB;
				GENERATE_INFOPLIST_FILE = YES;
				INFOPLIST_FILE = CititesMap/Info.plist;
				INFOPLIST_KEY_UIApplicationSupportsIndirectInputEvents = YES;
				INFOPLIST_KEY_UILaunchStoryboardName = LaunchScreen;
				INFOPLIST_KEY_UIMainStoryboardFile = CitiesList;
				INFOPLIST_KEY_UISupportedInterfaceOrientations = UIInterfaceOrientationPortrait;
				LD_RUNPATH_SEARCH_PATHS = (
					"$(inherited)",
					"@executable_path/Frameworks",
				);
				MARKETING_VERSION = 1.0;
				PRODUCT_BUNDLE_IDENTIFIER = saraeltlt.CititessMap;
				PRODUCT_NAME = "$(TARGET_NAME)";
				SWIFT_EMIT_LOC_STRINGS = YES;
				SWIFT_VERSION = 5.0;
				TARGETED_DEVICE_FAMILY = "1,2";
			};
			name = Release;
		};
		8F2921712A82E5B1002BFDFF /* Debug */ = {
			isa = XCBuildConfiguration;
			buildSettings = {
				ALWAYS_EMBED_SWIFT_STANDARD_LIBRARIES = YES;
				BUNDLE_LOADER = "$(TEST_HOST)";
				CODE_SIGN_STYLE = Automatic;
				CURRENT_PROJECT_VERSION = 1;
				DEVELOPMENT_TEAM = BUKB4N859K;
				GENERATE_INFOPLIST_FILE = YES;
				IPHONEOS_DEPLOYMENT_TARGET = 16.4;
				MARKETING_VERSION = 1.0;
				PRODUCT_BUNDLE_IDENTIFIER = saraeltlt.CititesMapTests;
				PRODUCT_NAME = "$(TARGET_NAME)";
				SWIFT_EMIT_LOC_STRINGS = NO;
				SWIFT_VERSION = 5.0;
				TARGETED_DEVICE_FAMILY = "1,2";
				TEST_HOST = "$(BUILT_PRODUCTS_DIR)/CititesMap.app/$(BUNDLE_EXECUTABLE_FOLDER_PATH)/CititesMap";
			};
			name = Debug;
		};
		8F2921722A82E5B1002BFDFF /* Release */ = {
			isa = XCBuildConfiguration;
			buildSettings = {
				ALWAYS_EMBED_SWIFT_STANDARD_LIBRARIES = YES;
				BUNDLE_LOADER = "$(TEST_HOST)";
				CODE_SIGN_STYLE = Automatic;
				CURRENT_PROJECT_VERSION = 1;
				DEVELOPMENT_TEAM = BUKB4N859K;
				GENERATE_INFOPLIST_FILE = YES;
				IPHONEOS_DEPLOYMENT_TARGET = 16.4;
				MARKETING_VERSION = 1.0;
				PRODUCT_BUNDLE_IDENTIFIER = saraeltlt.CititesMapTests;
				PRODUCT_NAME = "$(TARGET_NAME)";
				SWIFT_EMIT_LOC_STRINGS = NO;
				SWIFT_VERSION = 5.0;
				TARGETED_DEVICE_FAMILY = "1,2";
				TEST_HOST = "$(BUILT_PRODUCTS_DIR)/CititesMap.app/$(BUNDLE_EXECUTABLE_FOLDER_PATH)/CititesMap";
			};
			name = Release;
		};
		8F2921742A82E5B1002BFDFF /* Debug */ = {
			isa = XCBuildConfiguration;
			buildSettings = {
				ALWAYS_EMBED_SWIFT_STANDARD_LIBRARIES = YES;
				CODE_SIGN_STYLE = Automatic;
				CURRENT_PROJECT_VERSION = 1;
				DEVELOPMENT_TEAM = BUKB4N859K;
				GENERATE_INFOPLIST_FILE = YES;
				MARKETING_VERSION = 1.0;
				PRODUCT_BUNDLE_IDENTIFIER = saraeltlt.CititesMapUITests;
				PRODUCT_NAME = "$(TARGET_NAME)";
				SWIFT_EMIT_LOC_STRINGS = NO;
				SWIFT_VERSION = 5.0;
				TARGETED_DEVICE_FAMILY = "1,2";
				TEST_TARGET_NAME = CititesMap;
			};
			name = Debug;
		};
		8F2921752A82E5B1002BFDFF /* Release */ = {
			isa = XCBuildConfiguration;
			buildSettings = {
				ALWAYS_EMBED_SWIFT_STANDARD_LIBRARIES = YES;
				CODE_SIGN_STYLE = Automatic;
				CURRENT_PROJECT_VERSION = 1;
				DEVELOPMENT_TEAM = BUKB4N859K;
				GENERATE_INFOPLIST_FILE = YES;
				MARKETING_VERSION = 1.0;
				PRODUCT_BUNDLE_IDENTIFIER = saraeltlt.CititesMapUITests;
				PRODUCT_NAME = "$(TARGET_NAME)";
				SWIFT_EMIT_LOC_STRINGS = NO;
				SWIFT_VERSION = 5.0;
				TARGETED_DEVICE_FAMILY = "1,2";
				TEST_TARGET_NAME = CititesMap;
			};
			name = Release;
		};
/* End XCBuildConfiguration section */

/* Begin XCConfigurationList section */
		8F29213B2A82E5AD002BFDFF /* Build configuration list for PBXProject "CititesMap" */ = {
			isa = XCConfigurationList;
			buildConfigurations = (
				8F29216B2A82E5B1002BFDFF /* Debug */,
				8F29216C2A82E5B1002BFDFF /* Release */,
			);
			defaultConfigurationIsVisible = 0;
			defaultConfigurationName = Release;
		};
		8F29216D2A82E5B1002BFDFF /* Build configuration list for PBXNativeTarget "CititesMap" */ = {
			isa = XCConfigurationList;
			buildConfigurations = (
				8F29216E2A82E5B1002BFDFF /* Debug */,
				8F29216F2A82E5B1002BFDFF /* Release */,
			);
			defaultConfigurationIsVisible = 0;
			defaultConfigurationName = Release;
		};
		8F2921702A82E5B1002BFDFF /* Build configuration list for PBXNativeTarget "CititesMapTests" */ = {
			isa = XCConfigurationList;
			buildConfigurations = (
				8F2921712A82E5B1002BFDFF /* Debug */,
				8F2921722A82E5B1002BFDFF /* Release */,
			);
			defaultConfigurationIsVisible = 0;
			defaultConfigurationName = Release;
		};
		8F2921732A82E5B1002BFDFF /* Build configuration list for PBXNativeTarget "CititesMapUITests" */ = {
			isa = XCConfigurationList;
			buildConfigurations = (
				8F2921742A82E5B1002BFDFF /* Debug */,
				8F2921752A82E5B1002BFDFF /* Release */,
			);
			defaultConfigurationIsVisible = 0;
			defaultConfigurationName = Release;
		};
/* End XCConfigurationList section */

/* Begin XCVersionGroup section */
		8F29214C2A82E5AE002BFDFF /* CititesMap.xcdatamodeld */ = {
			isa = XCVersionGroup;
			children = (
				8F29214D2A82E5AE002BFDFF /* CititesMap.xcdatamodel */,
			);
			currentVersion = 8F29214D2A82E5AE002BFDFF /* CititesMap.xcdatamodel */;
			path = CititesMap.xcdatamodeld;
			sourceTree = "<group>";
			versionGroupType = wrapper.xcdatamodel;
		};
/* End XCVersionGroup section */
	};
	rootObject = 8F2921382A82E5AD002BFDFF /* Project object */;
}
